github.com/fxamacker/cbor/v2 v2.4.0 h1:ri0ArlOR+5XunOP8CRUowT0pSJOwhW098ZCUyskZD88=
github.com/fxamacker/cbor/v2 v2.4.0/go.mod h1:TA1xS00nchWmaBnEIxPSE5oHLuJBAVvqrtAnWBwBCVo=
github.com/mr-tron/base58 v1.2.0 h1:T/HDJBh4ZCPbU39/+c3rRvE0uKBQlU27+QI8LJ4t64o=
github.com/mr-tron/base58 v1.2.0/go.mod h1:BinMc/sQntlIE1frQmRFPUoPA1Zkr8VRgBdjWI2mNwc=
github.com/multiformats/go-base32 v0.1.0 h1:pVx9xoSPqEIQG8o+UbAe7DNi51oej1NtK+aGkbLYxPE=
github.com/multiformats/go-base32 v0.1.0/go.mod h1:Kj3tFY6zNr+ABYMqeUNeGvkIC/UYgtWibDcT0rExnbI=
github.com/multiformats/go-base36 v0.2.0 h1:lFsAbNOGeKtuKozrtBsAkSVhv1p9D0/qedU9rQyccr0=
github.com/multiformats/go-base36 v0.2.0/go.mod h1:qvnKE++v+2MWCfePClUEjE78Z7P2a1UV0xHgWc0hkp4=
github.com/multiformats/go-multibase v0.2.0 h1:isdYCVLvksgWlMW9OZRYJEa9pZETFivncJHmHnnd87g=
github.com/multiformats/go-multibase v0.2.0/go.mod h1:bFBZX4lKCA/2lyOFSAoKH5SS6oPyjtnzK/XTFDPkNuk=
github.com/txaty/gool v0.1.5 h1:yjxie86J1kBBAAsP/xa2K4j1HJoB90RvjDyzuMjlK8k=
github.com/txaty/gool v0.1.5/go.mod h1:zhUnrAMYUZXRYBq6dTofbCUn8OgA3OOKCFMeqGV2mu0=
github.com/x448/float16 v0.8.4 h1:qLwI1I70+NjRFUR3zs1JPUCgaCXSh3SW62uAKT1mSBM=
github.com/x448/float16 v0.8.4/go.mod h1:14CWIYCyZA/cWjXOioeEpHeN/83MdbZDRQHoFcYsOfg=
